github.com/wowchemy/wowchemy-hugo-modules/wowchemy v0.0.0-20210525210730-89d079bcf055 h1:2aDKEgFpfUu0ebxGvCDUw/W4+UZx3wWseFsYpNvaqr4=
github.com/wowchemy/wowchemy-hugo-modules/wowchemy v0.0.0-20210525210730-89d079bcf055/go.mod h1:H22qfH9qj3FWwsk7+bAZpmT24yRGNQURah2/IRwjbn8=
github.com/wowchemy/wowchemy-hugo-modules/wowchemy v0.0.0-20210526223849-81ba17522966 h1:qQ+BOah36CL2HMtG4NLZGhZ0MGBwq7CPy9DPll1U8Yk=
github.com/wowchemy/wowchemy-hugo-modules/wowchemy v0.0.0-20210526223849-81ba17522966/go.mod h1:H22qfH9qj3FWwsk7+bAZpmT24yRGNQURah2/IRwjbn8=
github.com/wowchemy/wowchemy-hugo-modules/wowchemy v0.0.0-20210606130713-db4dcf6541e5 h1:IXJvBKhm2cfVoZAOH5q6mh3Qz/+dGZ2XRQjD+RfTy4c=
github.com/wowchemy/wowchemy-hugo-modules/wowchemy v0.0.0-20210606130713-db4dcf6541e5/go.mod h1:H22qfH9qj3FWwsk7+bAZpmT24yRGNQURah2/IRwjbn8=
github.com/wowchemy/wowchemy-hugo-modules/wowchemy v0.0.0-20210615190506-19ca4a39f23c h1:JrO6hr4s0TzAkezlqzTX5ptSuNQGWyws6yQ54iRz8tQ=
github.com/wowchemy/wowchemy-hugo-modules/wowchemy v0.0.0-20210615190506-19ca4a39f23c/go.mod h1:H22qfH9qj3FWwsk7+bAZpmT24yRGNQURah2/IRwjbn8=
github.com/wowchemy/wowchemy-hugo-modules/wowchemy-cms v0.0.0-20210525210730-89d079bcf055 h1:e/IE1WGzItQDeAX0o9cRdpLf9835ZbX5ttl/7f7nwTs=
github.com/wowchemy/wowchemy-hugo-modules/wowchemy-cms v0.0.0-20210525210730-89d079bcf055/go.mod h1:AKpYbqUVlj0VYsc7Jsxe1o8Ko2yV31A5ZPdfpACcXJw=
github.com/wowchemy/wowchemy-hugo-modules/wowchemy-cms v0.0.0-20210526223849-81ba17522966 h1:WZer9Efx+RVA6ywDcyWNdQyZi3j/Sr77AVy1oHKEu7s=
github.com/wowchemy/wowchemy-hugo-modules/wowchemy-cms v0.0.0-20210526223849-81ba17522966/go.mod h1:AKpYbqUVlj0VYsc7Jsxe1o8Ko2yV31A5ZPdfpACcXJw=
github.com/wowchemy/wowchemy-hugo-modules/wowchemy-cms v0.0.0-20210606130713-db4dcf6541e5 h1:vq71qXYgeV4x00QyGtRymta7aU6bOiAXrz96NeWFo/U=
github.com/wowchemy/wowchemy-hugo-modules/wowchemy-cms v0.0.0-20210606130713-db4dcf6541e5/go.mod h1:AKpYbqUVlj0VYsc7Jsxe1o8Ko2yV31A5ZPdfpACcXJw=
github.com/wowchemy/wowchemy-hugo-modules/wowchemy-cms v0.0.0-20210615190506-19ca4a39f23c h1:qVM6SC42JShzraPLePgbLlzIknCC8YNd1MY11EB64rw=
github.com/wowchemy/wowchemy-hugo-modules/wowchemy-cms v0.0.0-20210615190506-19ca4a39f23c/go.mod h1:AKpYbqUVlj0VYsc7Jsxe1o8Ko2yV31A5ZPdfpACcXJw=
